// !$*UTF8*$!
{
	archiveVersion = 1;
	classes = {
	};
	objectVersion = 46;
	objects = {

/* Begin PBXBuildFile section */
		FE0DE9BE1BF81B460020EA86 /* AppDelegate.swift in Sources */ = {isa = PBXBuildFile; fileRef = FE0DE9BD1BF81B460020EA86 /* AppDelegate.swift */; };
		FE0DE9C01BF81B460020EA86 /* ViewController.swift in Sources */ = {isa = PBXBuildFile; fileRef = FE0DE9BF1BF81B460020EA86 /* ViewController.swift */; };
		FE0DE9C31BF81B460020EA86 /* Main.storyboard in Resources */ = {isa = PBXBuildFile; fileRef = FE0DE9C11BF81B460020EA86 /* Main.storyboard */; };
		FE0DE9C51BF81B460020EA86 /* Assets.xcassets in Resources */ = {isa = PBXBuildFile; fileRef = FE0DE9C41BF81B460020EA86 /* Assets.xcassets */; };
		FE0DE9C81BF81B460020EA86 /* LaunchScreen.storyboard in Resources */ = {isa = PBXBuildFile; fileRef = FE0DE9C61BF81B460020EA86 /* LaunchScreen.storyboard */; };
		FE0DE9D31BF81B460020EA86 /* wSBTests.swift in Sources */ = {isa = PBXBuildFile; fileRef = FE0DE9D21BF81B460020EA86 /* wSBTests.swift */; };
		FE0DE9DE1BF81B460020EA86 /* wSBUITests.swift in Sources */ = {isa = PBXBuildFile; fileRef = FE0DE9DD1BF81B460020EA86 /* wSBUITests.swift */; };
/* End PBXBuildFile section */

/* Begin PBXContainerItemProxy section */
		FE0DE9CF1BF81B460020EA86 /* PBXContainerItemProxy */ = {
			isa = PBXContainerItemProxy;
			containerPortal = FE0DE9B21BF81B460020EA86 /* Project object */;
			proxyType = 1;
			remoteGlobalIDString = FE0DE9B91BF81B460020EA86;
			remoteInfo = wSB;
		};
		FE0DE9DA1BF81B460020EA86 /* PBXContainerItemProxy */ = {
			isa = PBXContainerItemProxy;
			containerPortal = FE0DE9B21BF81B460020EA86 /* Project object */;
			proxyType = 1;
			remoteGlobalIDString = FE0DE9B91BF81B460020EA86;
			remoteInfo = wSB;
		};
/* End PBXContainerItemProxy section */

/* Begin PBXFileReference section */
		FE0DE9BA1BF81B460020EA86 /* wSB.app */ = {isa = PBXFileReference; explicitFileType = wrapper.application; includeInIndex = 0; path = wSB.app; sourceTree = BUILT_PRODUCTS_DIR; };
		FE0DE9BD1BF81B460020EA86 /* AppDelegate.swift */ = {isa = PBXFileReference; lastKnownFileType = sourcecode.swift; path = AppDelegate.swift; sourceTree = "<group>"; };
		FE0DE9BF1BF81B460020EA86 /* ViewController.swift */ = {isa = PBXFileReference; lastKnownFileType = sourcecode.swift; path = ViewController.swift; sourceTree = "<group>"; };
		FE0DE9C21BF81B460020EA86 /* Base */ = {isa = PBXFileReference; lastKnownFileType = file.storyboard; name = Base; path = Base.lproj/Main.storyboard; sourceTree = "<group>"; };
		FE0DE9C41BF81B460020EA86 /* Assets.xcassets */ = {isa = PBXFileReference; lastKnownFileType = folder.assetcatalog; path = Assets.xcassets; sourceTree = "<group>"; };
		FE0DE9C71BF81B460020EA86 /* Base */ = {isa = PBXFileReference; lastKnownFileType = file.storyboard; name = Base; path = Base.lproj/LaunchScreen.storyboard; sourceTree = "<group>"; };
		FE0DE9C91BF81B460020EA86 /* Info.plist */ = {isa = PBXFileReference; lastKnownFileType = text.plist.xml; path = Info.plist; sourceTree = "<group>"; };
		FE0DE9CE1BF81B460020EA86 /* wSBTests.xctest */ = {isa = PBXFileReference; explicitFileType = wrapper.cfbundle; includeInIndex = 0; path = wSBTests.xctest; sourceTree = BUILT_PRODUCTS_DIR; };
		FE0DE9D21BF81B460020EA86 /* wSBTests.swift */ = {isa = PBXFileReference; lastKnownFileType = sourcecode.swift; path = wSBTests.swift; sourceTree = "<group>"; };
		FE0DE9D41BF81B460020EA86 /* Info.plist */ = {isa = PBXFileReference; lastKnownFileType = text.plist.xml; path = Info.plist; sourceTree = "<group>"; };
		FE0DE9D91BF81B460020EA86 /* wSBUITests.xctest */ = {isa = PBXFileReference; explicitFileType = wrapper.cfbundle; includeInIndex = 0; path = wSBUITests.xctest; sourceTree = BUILT_PRODUCTS_DIR; };
		FE0DE9DD1BF81B460020EA86 /* wSBUITests.swift */ = {isa = PBXFileReference; lastKnownFileType = sourcecode.swift; path = wSBUITests.swift; sourceTree = "<group>"; };
		FE0DE9DF1BF81B460020EA86 /* Info.plist */ = {isa = PBXFileReference; lastKnownFileType = text.plist.xml; path = Info.plist; sourceTree = "<group>"; };
/* End PBXFileReference section */

/* Begin PBXFrameworksBuildPhase section */
		FE0DE9B71BF81B460020EA86 /* Frameworks */ = {
			isa = PBXFrameworksBuildPhase;
			buildActionMask = 2147483647;
			files = (
			);
			runOnlyForDeploymentPostprocessing = 0;
		};
		FE0DE9CB1BF81B460020EA86 /* Frameworks */ = {
			isa = PBXFrameworksBuildPhase;
			buildActionMask = 2147483647;
			files = (
			);
			runOnlyForDeploymentPostprocessing = 0;
		};
		FE0DE9D61BF81B460020EA86 /* Frameworks */ = {
			isa = PBXFrameworksBuildPhase;
			buildActionMask = 2147483647;
			files = (
			);
			runOnlyForDeploymentPostprocessing = 0;
		};
/* End PBXFrameworksBuildPhase section */

/* Begin PBXGroup section */
		FE0DE9B11BF81B460020EA86 = {
			isa = PBXGroup;
			children = (
				FE0DE9BC1BF81B460020EA86 /* wSB */,
				FE0DE9D11BF81B460020EA86 /* wSBTests */,
				FE0DE9DC1BF81B460020EA86 /* wSBUITests */,
				FE0DE9BB1BF81B460020EA86 /* Products */,
			);
			sourceTree = "<group>";
		};
		FE0DE9BB1BF81B460020EA86 /* Products */ = {
			isa = PBXGroup;
			children = (
				FE0DE9BA1BF81B460020EA86 /* wSB.app */,
				FE0DE9CE1BF81B460020EA86 /* wSBTests.xctest */,
				FE0DE9D91BF81B460020EA86 /* wSBUITests.xctest */,
			);
			name = Products;
			sourceTree = "<group>";
		};
		FE0DE9BC1BF81B460020EA86 /* wSB */ = {
			isa = PBXGroup;
			children = (
				FE0DE9BD1BF81B460020EA86 /* AppDelegate.swift */,
				FE0DE9BF1BF81B460020EA86 /* ViewController.swift */,
				FE0DE9C11BF81B460020EA86 /* Main.storyboard */,
				FE0DE9C41BF81B460020EA86 /* Assets.xcassets */,
				FE0DE9C61BF81B460020EA86 /* LaunchScreen.storyboard */,
				FE0DE9C91BF81B460020EA86 /* Info.plist */,
			);
			path = wSB;
			sourceTree = "<group>";
		};
		FE0DE9D11BF81B460020EA86 /* wSBTests */ = {
			isa = PBXGroup;
			children = (
				FE0DE9D21BF81B460020EA86 /* wSBTests.swift */,
				FE0DE9D41BF81B460020EA86 /* Info.plist */,
			);
			path = wSBTests;
			sourceTree = "<group>";
		};
		FE0DE9DC1BF81B460020EA86 /* wSBUITests */ = {
			isa = PBXGroup;
			children = (
				FE0DE9DD1BF81B460020EA86 /* wSBUITests.swift */,
				FE0DE9DF1BF81B460020EA86 /* Info.plist */,
			);
			path = wSBUITests;
			sourceTree = "<group>";
		};
/* End PBXGroup section */

/* Begin PBXNativeTarget section */
		FE0DE9B91BF81B460020EA86 /* wSB */ = {
			isa = PBXNativeTarget;
			buildConfigurationList = FE0DE9E21BF81B460020EA86 /* Build configuration list for PBXNativeTarget "wSB" */;
			buildPhases = (
				FE0DE9B61BF81B460020EA86 /* Sources */,
				FE0DE9B71BF81B460020EA86 /* Frameworks */,
				FE0DE9B81BF81B460020EA86 /* Resources */,
			);
			buildRules = (
			);
			dependencies = (
			);
			name = wSB;
			productName = wSB;
			productReference = FE0DE9BA1BF81B460020EA86 /* wSB.app */;
			productType = "com.apple.product-type.application";
		};
		FE0DE9CD1BF81B460020EA86 /* wSBTests */ = {
			isa = PBXNativeTarget;
			buildConfigurationList = FE0DE9E51BF81B460020EA86 /* Build configuration list for PBXNativeTarget "wSBTests" */;
			buildPhases = (
				FE0DE9CA1BF81B460020EA86 /* Sources */,
				FE0DE9CB1BF81B460020EA86 /* Frameworks */,
				FE0DE9CC1BF81B460020EA86 /* Resources */,
			);
			buildRules = (
			);
			dependencies = (
				FE0DE9D01BF81B460020EA86 /* PBXTargetDependency */,
			);
			name = wSBTests;
			productName = wSBTests;
			productReference = FE0DE9CE1BF81B460020EA86 /* wSBTests.xctest */;
			productType = "com.apple.product-type.bundle.unit-test";
		};
		FE0DE9D81BF81B460020EA86 /* wSBUITests */ = {
			isa = PBXNativeTarget;
			buildConfigurationList = FE0DE9E81BF81B460020EA86 /* Build configuration list for PBXNativeTarget "wSBUITests" */;
			buildPhases = (
				FE0DE9D51BF81B460020EA86 /* Sources */,
				FE0DE9D61BF81B460020EA86 /* Frameworks */,
				FE0DE9D71BF81B460020EA86 /* Resources */,
			);
			buildRules = (
			);
			dependencies = (
				FE0DE9DB1BF81B460020EA86 /* PBXTargetDependency */,
			);
			name = wSBUITests;
			productName = wSBUITests;
			productReference = FE0DE9D91BF81B460020EA86 /* wSBUITests.xctest */;
			productType = "com.apple.product-type.bundle.ui-testing";
		};
/* End PBXNativeTarget section */

/* Begin PBXProject section */
		FE0DE9B21BF81B460020EA86 /* Project object */ = {
			isa = PBXProject;
			attributes = {
				LastSwiftUpdateCheck = 0710;
				LastUpgradeCheck = 0710;
				ORGANIZATIONNAME = "张翔";
				TargetAttributes = {
					FE0DE9B91BF81B460020EA86 = {
						CreatedOnToolsVersion = 7.1;
					};
					FE0DE9CD1BF81B460020EA86 = {
						CreatedOnToolsVersion = 7.1;
						TestTargetID = FE0DE9B91BF81B460020EA86;
					};
					FE0DE9D81BF81B460020EA86 = {
						CreatedOnToolsVersion = 7.1;
						TestTargetID = FE0DE9B91BF81B460020EA86;
					};
				};
			};
			buildConfigurationList = FE0DE9B51BF81B460020EA86 /* Build configuration list for PBXProject "wSB" */;
			compatibilityVersion = "Xcode 3.2";
			developmentRegion = English;
			hasScannedForEncodings = 0;
			knownRegions = (
				en,
				Base,
			);
			mainGroup = FE0DE9B11BF81B460020EA86;
			productRefGroup = FE0DE9BB1BF81B460020EA86 /* Products */;
			projectDirPath = "";
			projectRoot = "";
			targets = (
				FE0DE9B91BF81B460020EA86 /* wSB */,
				FE0DE9CD1BF81B460020EA86 /* wSBTests */,
				FE0DE9D81BF81B460020EA86 /* wSBUITests */,
			);
		};
/* End PBXProject section */

/* Begin PBXResourcesBuildPhase section */
		FE0DE9B81BF81B460020EA86 /* Resources */ = {
			isa = PBXResourcesBuildPhase;
			buildActionMask = 2147483647;
			files = (
				FE0DE9C81BF81B460020EA86 /* LaunchScreen.storyboard in Resources */,
				FE0DE9C51BF81B460020EA86 /* Assets.xcassets in Resources */,
				FE0DE9C31BF81B460020EA86 /* Main.storyboard in Resources */,
			);
			runOnlyForDeploymentPostprocessing = 0;
		};
		FE0DE9CC1BF81B460020EA86 /* Resources */ = {
			isa = PBXResourcesBuildPhase;
			buildActionMask = 2147483647;
			files = (
			);
			runOnlyForDeploymentPostprocessing = 0;
		};
		FE0DE9D71BF81B460020EA86 /* Resources */ = {
			isa = PBXResourcesBuildPhase;
			buildActionMask = 2147483647;
			files = (
			);
			runOnlyForDeploymentPostprocessing = 0;
		};
/* End PBXResourcesBuildPhase section */

/* Begin PBXSourcesBuildPhase section */
		FE0DE9B61BF81B460020EA86 /* Sources */ = {
			isa = PBXSourcesBuildPhase;
			buildActionMask = 2147483647;
			files = (
				FE0DE9C01BF81B460020EA86 /* ViewController.swift in Sources */,
				FE0DE9BE1BF81B460020EA86 /* AppDelegate.swift in Sources */,
			);
			runOnlyForDeploymentPostprocessing = 0;
		};
		FE0DE9CA1BF81B460020EA86 /* Sources */ = {
			isa = PBXSourcesBuildPhase;
			buildActionMask = 2147483647;
			files = (
				FE0DE9D31BF81B460020EA86 /* wSBTests.swift in Sources */,
			);
			runOnlyForDeploymentPostprocessing = 0;
		};
		FE0DE9D51BF81B460020EA86 /* Sources */ = {
			isa = PBXSourcesBuildPhase;
			buildActionMask = 2147483647;
			files = (
				FE0DE9DE1BF81B460020EA86 /* wSBUITests.swift in Sources */,
			);
			runOnlyForDeploymentPostprocessing = 0;
		};
/* End PBXSourcesBuildPhase section */

/* Begin PBXTargetDependency section */
		FE0DE9D01BF81B460020EA86 /* PBXTargetDependency */ = {
			isa = PBXTargetDependency;
			target = FE0DE9B91BF81B460020EA86 /* wSB */;
			targetProxy = FE0DE9CF1BF81B460020EA86 /* PBXContainerItemProxy */;
		};
		FE0DE9DB1BF81B460020EA86 /* PBXTargetDependency */ = {
			isa = PBXTargetDependency;
			target = FE0DE9B91BF81B460020EA86 /* wSB */;
			targetProxy = FE0DE9DA1BF81B460020EA86 /* PBXContainerItemProxy */;
		};
/* End PBXTargetDependency section */

/* Begin PBXVariantGroup section */
		FE0DE9C11BF81B460020EA86 /* Main.storyboard */ = {
			isa = PBXVariantGroup;
			children = (
				FE0DE9C21BF81B460020EA86 /* Base */,
			);
			name = Main.storyboard;
			sourceTree = "<group>";
		};
		FE0DE9C61BF81B460020EA86 /* LaunchScreen.storyboard */ = {
			isa = PBXVariantGroup;
			children = (
				FE0DE9C71BF81B460020EA86 /* Base */,
			);
			name = LaunchScreen.storyboard;
			sourceTree = "<group>";
		};
/* End PBXVariantGroup section */

/* Begin XCBuildConfiguration section */
		FE0DE9E01BF81B460020EA86 /* Debug */ = {
			isa = XCBuildConfiguration;
			buildSettings = {
				ALWAYS_SEARCH_USER_PATHS = NO;
				CLANG_CXX_LANGUAGE_STANDARD = "gnu++0x";
				CLANG_CXX_LIBRARY = "libc++";
				CLANG_ENABLE_MODULES = YES;
				CLANG_ENABLE_OBJC_ARC = YES;
				CLANG_WARN_BOOL_CONVERSION = YES;
				CLANG_WARN_CONSTANT_CONVERSION = YES;
				CLANG_WARN_DIRECT_OBJC_ISA_USAGE = YES_ERROR;
				CLANG_WARN_EMPTY_BODY = YES;
				CLANG_WARN_ENUM_CONVERSION = YES;
				CLANG_WARN_INT_CONVERSION = YES;
				CLANG_WARN_OBJC_ROOT_CLASS = YES_ERROR;
				CLANG_WARN_UNREACHABLE_CODE = YES;
				CLANG_WARN__DUPLICATE_METHOD_MATCH = YES;
				"CODE_SIGN_IDENTITY[sdk=iphoneos*]" = "iPhone Developer";
				COPY_PHASE_STRIP = NO;
				DEBUG_INFORMATION_FORMAT = dwarf;
				ENABLE_STRICT_OBJC_MSGSEND = YES;
				ENABLE_TESTABILITY = YES;
				GCC_C_LANGUAGE_STANDARD = gnu99;
				GCC_DYNAMIC_NO_PIC = NO;
				GCC_NO_COMMON_BLOCKS = YES;
				GCC_OPTIMIZATION_LEVEL = 0;
				GCC_PREPROCESSOR_DEFINITIONS = (
					"DEBUG=1",
					"$(inherited)",
				);
				GCC_WARN_64_TO_32_BIT_CONVERSION = YES;
				GCC_WARN_ABOUT_RETURN_TYPE = YES_ERROR;
				GCC_WARN_UNDECLARED_SELECTOR = YES;
				GCC_WARN_UNINITIALIZED_AUTOS = YES_AGGRESSIVE;
				GCC_WARN_UNUSED_FUNCTION = YES;
				GCC_WARN_UNUSED_VARIABLE = YES;
				IPHONEOS_DEPLOYMENT_TARGET = 9.1;
				MTL_ENABLE_DEBUG_INFO = YES;
				ONLY_ACTIVE_ARCH = YES;
				SDKROOT = iphoneos;
				SWIFT_OPTIMIZATION_LEVEL = "-Onone";
			};
			name = Debug;
		};
		FE0DE9E11BF81B460020EA86 /* Release */ = {
			isa = XCBuildConfiguration;
			buildSettings = {
				ALWAYS_SEARCH_USER_PATHS = NO;
				CLANG_CXX_LANGUAGE_STANDARD = "gnu++0x";
				CLANG_CXX_LIBRARY = "libc++";
				CLANG_ENABLE_MODULES = YES;
				CLANG_ENABLE_OBJC_ARC = YES;
				CLANG_WARN_BOOL_CONVERSION = YES;
				CLANG_WARN_CONSTANT_CONVERSION = YES;
				CLANG_WARN_DIRECT_OBJC_ISA_USAGE = YES_ERROR;
				CLANG_WARN_EMPTY_BODY = YES;
				CLANG_WARN_ENUM_CONVERSION = YES;
				CLANG_WARN_INT_CONVERSION = YES;
				CLANG_WARN_OBJC_ROOT_CLASS = YES_ERROR;
				CLANG_WARN_UNREACHABLE_CODE = YES;
				CLANG_WARN__DUPLICATE_METHOD_MATCH = YES;
				"CODE_SIGN_IDENTITY[sdk=iphoneos*]" = "iPhone Developer";
				COPY_PHASE_STRIP = NO;
				DEBUG_INFORMATION_FORMAT = "dwarf-with-dsym";
				ENABLE_NS_ASSERTIONS = NO;
				ENABLE_STRICT_OBJC_MSGSEND = YES;
				GCC_C_LANGUAGE_STANDARD = gnu99;
				GCC_NO_COMMON_BLOCKS = YES;
				GCC_WARN_64_TO_32_BIT_CONVERSION = YES;
				GCC_WARN_ABOUT_RETURN_TYPE = YES_ERROR;
				GCC_WARN_UNDECLARED_SELECTOR = YES;
				GCC_WARN_UNINITIALIZED_AUTOS = YES_AGGRESSIVE;
				GCC_WARN_UNUSED_FUNCTION = YES;
				GCC_WARN_UNUSED_VARIABLE = YES;
				IPHONEOS_DEPLOYMENT_TARGET = 9.1;
				MTL_ENABLE_DEBUG_INFO = NO;
				SDKROOT = iphoneos;
				VALIDATE_PRODUCT = YES;
			};
			name = Release;
		};
		FE0DE9E31BF81B460020EA86 /* Debug */ = {
			isa = XCBuildConfiguration;
			buildSettings = {
				ASSETCATALOG_COMPILER_APPICON_NAME = AppIcon;
				INFOPLIST_FILE = wSB/Info.plist;
				LD_RUNPATH_SEARCH_PATHS = "$(inherited) @executable_path/Frameworks";
				PRODUCT_BUNDLE_IDENTIFIER = com.tarena.wSB;
				PRODUCT_NAME = "$(TARGET_NAME)";
			};
			name = Debug;
		};
		FE0DE9E41BF81B460020EA86 /* Release */ = {
			isa = XCBuildConfiguration;
			buildSettings = {
				ASSETCATALOG_COMPILER_APPICON_NAME = AppIcon;
				INFOPLIST_FILE = wSB/Info.plist;
				LD_RUNPATH_SEARCH_PATHS = "$(inherited) @executable_path/Frameworks";
				PRODUCT_BUNDLE_IDENTIFIER = com.tarena.wSB;
				PRODUCT_NAME = "$(TARGET_NAME)";
			};
			name = Release;
		};
		FE0DE9E61BF81B460020EA86 /* Debug */ = {
			isa = XCBuildConfiguration;
			buildSettings = {
				BUNDLE_LOADER = "$(TEST_HOST)";
				INFOPLIST_FILE = wSBTests/Info.plist;
				LD_RUNPATH_SEARCH_PATHS = "$(inherited) @executable_path/Frameworks @loader_path/Frameworks";
				PRODUCT_BUNDLE_IDENTIFIER = com.tarena.wSBTests;
				PRODUCT_NAME = "$(TARGET_NAME)";
				TEST_HOST = "$(BUILT_PRODUCTS_DIR)/wSB.app/wSB";
			};
			name = Debug;
		};
		FE0DE9E71BF81B460020EA86 /* Release */ = {
			isa = XCBuildConfiguration;
			buildSettings = {
				BUNDLE_LOADER = "$(TEST_HOST)";
				INFOPLIST_FILE = wSBTests/Info.plist;
				LD_RUNPATH_SEARCH_PATHS = "$(inherited) @executable_path/Frameworks @loader_path/Frameworks";
				PRODUCT_BUNDLE_IDENTIFIER = com.tarena.wSBTests;
				PRODUCT_NAME = "$(TARGET_NAME)";
				TEST_HOST = "$(BUILT_PRODUCTS_DIR)/wSB.app/wSB";
			};
			name = Release;
		};
		FE0DE9E91BF81B460020EA86 /* Debug */ = {
			isa = XCBuildConfiguration;
			buildSettings = {
				INFOPLIST_FILE = wSBUITests/Info.plist;
				LD_RUNPATH_SEARCH_PATHS = "$(inherited) @executable_path/Frameworks @loader_path/Frameworks";
				PRODUCT_BUNDLE_IDENTIFIER = com.tarena.wSBUITests;
				PRODUCT_NAME = "$(TARGET_NAME)";
				TEST_TARGET_NAME = wSB;
				USES_XCTRUNNER = YES;
			};
			name = Debug;
		};
		FE0DE9EA1BF81B460020EA86 /* Release */ = {
			isa = XCBuildConfiguration;
			buildSettings = {
				INFOPLIST_FILE = wSBUITests/Info.plist;
				LD_RUNPATH_SEARCH_PATHS = "$(inherited) @executable_path/Frameworks @loader_path/Frameworks";
				PRODUCT_BUNDLE_IDENTIFIER = com.tarena.wSBUITests;
				PRODUCT_NAME = "$(TARGET_NAME)";
				TEST_TARGET_NAME = wSB;
				USES_XCTRUNNER = YES;
			};
			name = Release;
		};
/* End XCBuildConfiguration section */

/* Begin XCConfigurationList section */
		FE0DE9B51BF81B460020EA86 /* Build configuration list for PBXProject "wSB" */ = {
			isa = XCConfigurationList;
			buildConfigurations = (
				FE0DE9E01BF81B460020EA86 /* Debug */,
				FE0DE9E11BF81B460020EA86 /* Release */,
			);
			defaultConfigurationIsVisible = 0;
			defaultConfigurationName = Release;
		};
		FE0DE9E21BF81B460020EA86 /* Build configuration list for PBXNativeTarget "wSB" */ = {
			isa = XCConfigurationList;
			buildConfigurations = (
				FE0DE9E31BF81B460020EA86 /* Debug */,
				FE0DE9E41BF81B460020EA86 /* Release */,
			);
			defaultConfigurationIsVisible = 0;
		};
		FE0DE9E51BF81B460020EA86 /* Build configuration list for PBXNativeTarget "wSBTests" */ = {
			isa = XCConfigurationList;
			buildConfigurations = (
				FE0DE9E61BF81B460020EA86 /* Debug */,
				FE0DE9E71BF81B460020EA86 /* Release */,
			);
			defaultConfigurationIsVisible = 0;
		};
		FE0DE9E81BF81B460020EA86 /* Build configuration list for PBXNativeTarget "wSBUITests" */ = {
			isa = XCConfigurationList;
			buildConfigurations = (
				FE0DE9E91BF81B460020EA86 /* Debug */,
				FE0DE9EA1BF81B460020EA86 /* Release */,
			);
			defaultConfigurationIsVisible = 0;
		};
/* End XCConfigurationList section */
	};
	rootObject = FE0DE9B21BF81B460020EA86 /* Project object */;
}
